
Microsoft Visual Studio Solution File, Format Version 12.00
# Visual Studio Version 16
VisualStudioVersion = 16.0.30523.141
MinimumVisualStudioVersion = 10.0.40219.1
Project("{FAE04EC0-301F-11D3-BF4B-00C04F79EFBC}") = "PasswordManager", "PasswordManager\PasswordManager.csproj", "{180C9923-3662-42A6-9CC6-97AC9F53EDE0}"
EndProject
Global
	GlobalSection(SolutionConfigurationPlatforms) = preSolution
		Debug|Any CPU = Debug|Any CPU
		Release|Any CPU = Release|Any CPU
	EndGlobalSection
	GlobalSection(ProjectConfigurationPlatforms) = postSolution
		{180C9923-3662-42A6-9CC6-97AC9F53EDE0}.Debug|Any CPU.ActiveCfg = Debug|Any CPU
		{180C9923-3662-42A6-9CC6-97AC9F53EDE0}.Debug|Any CPU.Build.0 = Debug|Any CPU
		{180C9923-3662-42A6-9CC6-97AC9F53EDE0}.Release|Any CPU.ActiveCfg = Release|Any CPU
		{180C9923-3662-42A6-9CC6-97AC9F53EDE0}.Release|Any CPU.Build.0 = Release|Any CPU
	EndGlobalSection
	GlobalSection(SolutionProperties) = preSolution
		HideSolutionNode = FALSE
	EndGlobalSection
	GlobalSection(ExtensibilityGlobals) = postSolution
		SolutionGuid = {A9214BA8-00B9-4DC0-A9C6-5DE97D04ABA8}
	EndGlobalSection
EndGlobal
